
Microsoft Visual Studio Solution File, Format Version 12.00
# Visual Studio Version 16
VisualStudioVersion = 16.0.29001.49
MinimumVisualStudioVersion = 10.0.40219.1
Project("{FAE04EC0-301F-11D3-BF4B-00C04F79EFBC}") = "first_attempt", "first_attempt.csproj", "{82997474-06B2-477B-A152-1601C3C4CAB6}"
EndProject
Global
	GlobalSection(SolutionConfigurationPlatforms) = preSolution
		Debug|Any CPU = Debug|Any CPU
		Release|Any CPU = Release|Any CPU
	EndGlobalSection
	GlobalSection(ProjectConfigurationPlatforms) = postSolution
		{82997474-06B2-477B-A152-1601C3C4CAB6}.Debug|Any CPU.ActiveCfg = Debug|Any CPU
		{82997474-06B2-477B-A152-1601C3C4CAB6}.Debug|Any CPU.Build.0 = Debug|Any CPU
		{82997474-06B2-477B-A152-1601C3C4CAB6}.Release|Any CPU.ActiveCfg = Release|Any CPU
		{82997474-06B2-477B-A152-1601C3C4CAB6}.Release|Any CPU.Build.0 = Release|Any CPU
	EndGlobalSection
	GlobalSection(SolutionProperties) = preSolution
		HideSolutionNode = FALSE
	EndGlobalSection
	GlobalSection(ExtensibilityGlobals) = postSolution
		SolutionGuid = {B6B4DB06-E8B7-4EBA-B11F-6E405E096E5E}
	EndGlobalSection
EndGlobal
